
Microsoft Visual Studio Solution File, Format Version 12.00
# Visual Studio Version 16
VisualStudioVersion = 16.0.30711.63
MinimumVisualStudioVersion = 10.0.40219.1
Project("{FAE04EC0-301F-11D3-BF4B-00C04F79EFBC}") = "DostEli", "DostEli\DostEli.csproj", "{1EC6F07D-84D0-430F-BC14-4B1F624CDE8A}"
EndProject
Project("{FAE04EC0-301F-11D3-BF4B-00C04F79EFBC}") = "DostEli.Tests", "DostEli.Tests\DostEli.Tests.csproj", "{15CA0CCE-56BA-4352-AF41-0EA1F9DAD3FD}"
EndProject
Global
	GlobalSection(SolutionConfigurationPlatforms) = preSolution
		Debug|Any CPU = Debug|Any CPU
		Release|Any CPU = Release|Any CPU
	EndGlobalSection
	GlobalSection(ProjectConfigurationPlatforms) = postSolution
		{1EC6F07D-84D0-430F-BC14-4B1F624CDE8A}.Debug|Any CPU.ActiveCfg = Debug|Any CPU
		{1EC6F07D-84D0-430F-BC14-4B1F624CDE8A}.Debug|Any CPU.Build.0 = Debug|Any CPU
		{1EC6F07D-84D0-430F-BC14-4B1F624CDE8A}.Release|Any CPU.ActiveCfg = Release|Any CPU
		{1EC6F07D-84D0-430F-BC14-4B1F624CDE8A}.Release|Any CPU.Build.0 = Release|Any CPU
		{15CA0CCE-56BA-4352-AF41-0EA1F9DAD3FD}.Debug|Any CPU.ActiveCfg = Debug|Any CPU
		{15CA0CCE-56BA-4352-AF41-0EA1F9DAD3FD}.Debug|Any CPU.Build.0 = Debug|Any CPU
		{15CA0CCE-56BA-4352-AF41-0EA1F9DAD3FD}.Release|Any CPU.ActiveCfg = Release|Any CPU
		{15CA0CCE-56BA-4352-AF41-0EA1F9DAD3FD}.Release|Any CPU.Build.0 = Release|Any CPU
	EndGlobalSection
	GlobalSection(SolutionProperties) = preSolution
		HideSolutionNode = FALSE
	EndGlobalSection
	GlobalSection(ExtensibilityGlobals) = postSolution
		SolutionGuid = {269E1FA6-A763-424D-AF31-52876D8897C7}
	EndGlobalSection
EndGlobal
